
Microsoft Visual Studio Solution File, Format Version 12.00
# Visual Studio Version 17
VisualStudioVersion = 17.0.31912.275
MinimumVisualStudioVersion = 10.0.40219.1
Project("{FAE04EC0-301F-11D3-BF4B-00C04F79EFBC}") = "SUTLoginTest", "SUTLoginTest\SUTLoginTest.csproj", "{0399C913-2D19-4515-89F6-6AF5F2E3E433}"
EndProject
Global
	GlobalSection(SolutionConfigurationPlatforms) = preSolution
		Debug|Any CPU = Debug|Any CPU
		Release|Any CPU = Release|Any CPU
	EndGlobalSection
	GlobalSection(ProjectConfigurationPlatforms) = postSolution
		{0399C913-2D19-4515-89F6-6AF5F2E3E433}.Debug|Any CPU.ActiveCfg = Debug|Any CPU
		{0399C913-2D19-4515-89F6-6AF5F2E3E433}.Debug|Any CPU.Build.0 = Debug|Any CPU
		{0399C913-2D19-4515-89F6-6AF5F2E3E433}.Release|Any CPU.ActiveCfg = Release|Any CPU
		{0399C913-2D19-4515-89F6-6AF5F2E3E433}.Release|Any CPU.Build.0 = Release|Any CPU
	EndGlobalSection
	GlobalSection(SolutionProperties) = preSolution
		HideSolutionNode = FALSE
	EndGlobalSection
	GlobalSection(ExtensibilityGlobals) = postSolution
		SolutionGuid = {F63B407F-2CB4-42F9-916F-992B4D986007}
	EndGlobalSection
EndGlobal
